// !$*UTF8*$!
{
	archiveVersion = 1;
	classes = {
	};
	objectVersion = 56;
	objects = {

/* Begin PBXBuildFile section */
		018D7C2E2C13497600F12AB6 /* Categori+CoreDataClass.swift in Sources */ = {isa = PBXBuildFile; fileRef = 018D7C2C2C13497600F12AB6 /* Categori+CoreDataClass.swift */; };
		018D7C2F2C13497600F12AB6 /* Categori+CoreDataProperties.swift in Sources */ = {isa = PBXBuildFile; fileRef = 018D7C2D2C13497600F12AB6 /* Categori+CoreDataProperties.swift */; };
		019716802C12356B00901FC6 /* CategoryViewController.swift in Sources */ = {isa = PBXBuildFile; fileRef = 0197167F2C12356B00901FC6 /* CategoryViewController.swift */; };
		01995C2B2C1241A8003D8110 /* Items+CoreDataClass.swift in Sources */ = {isa = PBXBuildFile; fileRef = 01995C292C1241A7003D8110 /* Items+CoreDataClass.swift */; };
		01995C2C2C1241A8003D8110 /* Items+CoreDataProperties.swift in Sources */ = {isa = PBXBuildFile; fileRef = 01995C2A2C1241A7003D8110 /* Items+CoreDataProperties.swift */; };
		01E9BBFA2C11F23800A72AEB /* AppDelegate.swift in Sources */ = {isa = PBXBuildFile; fileRef = 01E9BBF92C11F23800A72AEB /* AppDelegate.swift */; };
		01E9BBFC2C11F23800A72AEB /* SceneDelegate.swift in Sources */ = {isa = PBXBuildFile; fileRef = 01E9BBFB2C11F23800A72AEB /* SceneDelegate.swift */; };
		01E9BBFE2C11F23800A72AEB /* JustDoViewController.swift in Sources */ = {isa = PBXBuildFile; fileRef = 01E9BBFD2C11F23800A72AEB /* JustDoViewController.swift */; };
		01E9BC012C11F23800A72AEB /* Base in Resources */ = {isa = PBXBuildFile; fileRef = 01E9BC002C11F23800A72AEB /* Base */; };
		01E9BC042C11F23800A72AEB /* JustDo.xcdatamodeld in Sources */ = {isa = PBXBuildFile; fileRef = 01E9BC022C11F23800A72AEB /* JustDo.xcdatamodeld */; };
		01E9BC062C11F23A00A72AEB /* Assets.xcassets in Resources */ = {isa = PBXBuildFile; fileRef = 01E9BC052C11F23A00A72AEB /* Assets.xcassets */; };
		01E9BC092C11F23A00A72AEB /* Base in Resources */ = {isa = PBXBuildFile; fileRef = 01E9BC082C11F23A00A72AEB /* Base */; };
/* End PBXBuildFile section */

/* Begin PBXFileReference section */
		018D7C2C2C13497600F12AB6 /* Categori+CoreDataClass.swift */ = {isa = PBXFileReference; lastKnownFileType = sourcecode.swift; path = "Categori+CoreDataClass.swift"; sourceTree = "<group>"; };
		018D7C2D2C13497600F12AB6 /* Categori+CoreDataProperties.swift */ = {isa = PBXFileReference; lastKnownFileType = sourcecode.swift; path = "Categori+CoreDataProperties.swift"; sourceTree = "<group>"; };
		0197167F2C12356B00901FC6 /* CategoryViewController.swift */ = {isa = PBXFileReference; lastKnownFileType = sourcecode.swift; path = CategoryViewController.swift; sourceTree = "<group>"; };
		01995C292C1241A7003D8110 /* Items+CoreDataClass.swift */ = {isa = PBXFileReference; lastKnownFileType = sourcecode.swift; path = "Items+CoreDataClass.swift"; sourceTree = "<group>"; };
		01995C2A2C1241A7003D8110 /* Items+CoreDataProperties.swift */ = {isa = PBXFileReference; lastKnownFileType = sourcecode.swift; path = "Items+CoreDataProperties.swift"; sourceTree = "<group>"; };
		01E9BBF62C11F23800A72AEB /* JustDo.app */ = {isa = PBXFileReference; explicitFileType = wrapper.application; includeInIndex = 0; path = JustDo.app; sourceTree = BUILT_PRODUCTS_DIR; };
		01E9BBF92C11F23800A72AEB /* AppDelegate.swift */ = {isa = PBXFileReference; lastKnownFileType = sourcecode.swift; path = AppDelegate.swift; sourceTree = "<group>"; };
		01E9BBFB2C11F23800A72AEB /* SceneDelegate.swift */ = {isa = PBXFileReference; lastKnownFileType = sourcecode.swift; path = SceneDelegate.swift; sourceTree = "<group>"; };
		01E9BBFD2C11F23800A72AEB /* JustDoViewController.swift */ = {isa = PBXFileReference; lastKnownFileType = sourcecode.swift; path = JustDoViewController.swift; sourceTree = "<group>"; };
		01E9BC002C11F23800A72AEB /* Base */ = {isa = PBXFileReference; lastKnownFileType = file.storyboard; name = Base; path = Base.lproj/Main.storyboard; sourceTree = "<group>"; };
		01E9BC032C11F23800A72AEB /* JustDo.xcdatamodel */ = {isa = PBXFileReference; lastKnownFileType = wrapper.xcdatamodel; path = JustDo.xcdatamodel; sourceTree = "<group>"; };
		01E9BC052C11F23A00A72AEB /* Assets.xcassets */ = {isa = PBXFileReference; lastKnownFileType = folder.assetcatalog; path = Assets.xcassets; sourceTree = "<group>"; };
		01E9BC082C11F23A00A72AEB /* Base */ = {isa = PBXFileReference; lastKnownFileType = file.storyboard; name = Base; path = Base.lproj/LaunchScreen.storyboard; sourceTree = "<group>"; };
		01E9BC0A2C11F23A00A72AEB /* Info.plist */ = {isa = PBXFileReference; lastKnownFileType = text.plist.xml; path = Info.plist; sourceTree = "<group>"; };
/* End PBXFileReference section */

/* Begin PBXFrameworksBuildPhase section */
		01E9BBF32C11F23800A72AEB /* Frameworks */ = {
			isa = PBXFrameworksBuildPhase;
			buildActionMask = 2147483647;
			files = (
			);
			runOnlyForDeploymentPostprocessing = 0;
		};
/* End PBXFrameworksBuildPhase section */

/* Begin PBXGroup section */
		018D7C282C13454700F12AB6 /* Support */ = {
			isa = PBXGroup;
			children = (
				018D7C2C2C13497600F12AB6 /* Categori+CoreDataClass.swift */,
				018D7C2D2C13497600F12AB6 /* Categori+CoreDataProperties.swift */,
				01995C2A2C1241A7003D8110 /* Items+CoreDataProperties.swift */,
				01995C292C1241A7003D8110 /* Items+CoreDataClass.swift */,
				01E9BBF92C11F23800A72AEB /* AppDelegate.swift */,
				01E9BBFB2C11F23800A72AEB /* SceneDelegate.swift */,
			);
			path = Support;
			sourceTree = "<group>";
		};
		018D7C292C13458A00F12AB6 /* Controllers */ = {
			isa = PBXGroup;
			children = (
				0197167F2C12356B00901FC6 /* CategoryViewController.swift */,
				01E9BBFD2C11F23800A72AEB /* JustDoViewController.swift */,
			);
			path = Controllers;
			sourceTree = "<group>";
		};
		01E9BBED2C11F23800A72AEB = {
			isa = PBXGroup;
			children = (
				01E9BBF82C11F23800A72AEB /* JustDo */,
				01E9BBF72C11F23800A72AEB /* Products */,
			);
			sourceTree = "<group>";
		};
		01E9BBF72C11F23800A72AEB /* Products */ = {
			isa = PBXGroup;
			children = (
				01E9BBF62C11F23800A72AEB /* JustDo.app */,
			);
			name = Products;
			sourceTree = "<group>";
		};
		01E9BBF82C11F23800A72AEB /* JustDo */ = {
			isa = PBXGroup;
			children = (
				018D7C292C13458A00F12AB6 /* Controllers */,
				018D7C282C13454700F12AB6 /* Support */,
				01E9BC022C11F23800A72AEB /* JustDo.xcdatamodeld */,
				01E9BBFF2C11F23800A72AEB /* Main.storyboard */,
				01E9BC052C11F23A00A72AEB /* Assets.xcassets */,
				01E9BC072C11F23A00A72AEB /* LaunchScreen.storyboard */,
				01E9BC0A2C11F23A00A72AEB /* Info.plist */,
			);
			path = JustDo;
			sourceTree = "<group>";
		};
/* End PBXGroup section */

/* Begin PBXNativeTarget section */
		01E9BBF52C11F23800A72AEB /* JustDo */ = {
			isa = PBXNativeTarget;
			buildConfigurationList = 01E9BC0D2C11F23A00A72AEB /* Build configuration list for PBXNativeTarget "JustDo" */;
			buildPhases = (
				01E9BBF22C11F23800A72AEB /* Sources */,
				01E9BBF32C11F23800A72AEB /* Frameworks */,
				01E9BBF42C11F23800A72AEB /* Resources */,
			);
			buildRules = (
			);
			dependencies = (
			);
			name = JustDo;
			productName = JustDo;
			productReference = 01E9BBF62C11F23800A72AEB /* JustDo.app */;
			productType = "com.apple.product-type.application";
		};
/* End PBXNativeTarget section */

/* Begin PBXProject section */
		01E9BBEE2C11F23800A72AEB /* Project object */ = {
			isa = PBXProject;
			attributes = {
				BuildIndependentTargetsInParallel = 1;
				LastSwiftUpdateCheck = 1540;
				LastUpgradeCheck = 1540;
				TargetAttributes = {
					01E9BBF52C11F23800A72AEB = {
						CreatedOnToolsVersion = 15.4;
					};
				};
			};
			buildConfigurationList = 01E9BBF12C11F23800A72AEB /* Build configuration list for PBXProject "JustDo" */;
			compatibilityVersion = "Xcode 14.0";
			developmentRegion = en;
			hasScannedForEncodings = 0;
			knownRegions = (
				en,
				Base,
			);
			mainGroup = 01E9BBED2C11F23800A72AEB;
			productRefGroup = 01E9BBF72C11F23800A72AEB /* Products */;
			projectDirPath = "";
			projectRoot = "";
			targets = (
				01E9BBF52C11F23800A72AEB /* JustDo */,
			);
		};
/* End PBXProject section */

/* Begin PBXResourcesBuildPhase section */
		01E9BBF42C11F23800A72AEB /* Resources */ = {
			isa = PBXResourcesBuildPhase;
			buildActionMask = 2147483647;
			files = (
				01E9BC062C11F23A00A72AEB /* Assets.xcassets in Resources */,
				01E9BC092C11F23A00A72AEB /* Base in Resources */,
				01E9BC012C11F23800A72AEB /* Base in Resources */,
			);
			runOnlyForDeploymentPostprocessing = 0;
		};
/* End PBXResourcesBuildPhase section */

/* Begin PBXSourcesBuildPhase section */
		01E9BBF22C11F23800A72AEB /* Sources */ = {
			isa = PBXSourcesBuildPhase;
			buildActionMask = 2147483647;
			files = (
				01995C2B2C1241A8003D8110 /* Items+CoreDataClass.swift in Sources */,
				01995C2C2C1241A8003D8110 /* Items+CoreDataProperties.swift in Sources */,
				018D7C2E2C13497600F12AB6 /* Categori+CoreDataClass.swift in Sources */,
				018D7C2F2C13497600F12AB6 /* Categori+CoreDataProperties.swift in Sources */,
				01E9BC042C11F23800A72AEB /* JustDo.xcdatamodeld in Sources */,
				01E9BBFE2C11F23800A72AEB /* JustDoViewController.swift in Sources */,
				01E9BBFA2C11F23800A72AEB /* AppDelegate.swift in Sources */,
				019716802C12356B00901FC6 /* CategoryViewController.swift in Sources */,
				01E9BBFC2C11F23800A72AEB /* SceneDelegate.swift in Sources */,
			);
			runOnlyForDeploymentPostprocessing = 0;
		};
/* End PBXSourcesBuildPhase section */

/* Begin PBXVariantGroup section */
		01E9BBFF2C11F23800A72AEB /* Main.storyboard */ = {
			isa = PBXVariantGroup;
			children = (
				01E9BC002C11F23800A72AEB /* Base */,
			);
			name = Main.storyboard;
			sourceTree = "<group>";
		};
		01E9BC072C11F23A00A72AEB /* LaunchScreen.storyboard */ = {
			isa = PBXVariantGroup;
			children = (
				01E9BC082C11F23A00A72AEB /* Base */,
			);
			name = LaunchScreen.storyboard;
			sourceTree = "<group>";
		};
/* End PBXVariantGroup section */

/* Begin XCBuildConfiguration section */
		01E9BC0B2C11F23A00A72AEB /* Debug */ = {
			isa = XCBuildConfiguration;
			buildSettings = {
				ALWAYS_SEARCH_USER_PATHS = NO;
				ASSETCATALOG_COMPILER_GENERATE_SWIFT_ASSET_SYMBOL_EXTENSIONS = YES;
				CLANG_ANALYZER_NONNULL = YES;
				CLANG_ANALYZER_NUMBER_OBJECT_CONVERSION = YES_AGGRESSIVE;
				CLANG_CXX_LANGUAGE_STANDARD = "gnu++20";
				CLANG_ENABLE_MODULES = YES;
				CLANG_ENABLE_OBJC_ARC = YES;
				CLANG_ENABLE_OBJC_WEAK = YES;
				CLANG_WARN_BLOCK_CAPTURE_AUTORELEASING = YES;
				CLANG_WARN_BOOL_CONVERSION = YES;
				CLANG_WARN_COMMA = YES;
				CLANG_WARN_CONSTANT_CONVERSION = YES;
				CLANG_WARN_DEPRECATED_OBJC_IMPLEMENTATIONS = YES;
				CLANG_WARN_DIRECT_OBJC_ISA_USAGE = YES_ERROR;
				CLANG_WARN_DOCUMENTATION_COMMENTS = YES;
				CLANG_WARN_EMPTY_BODY = YES;
				CLANG_WARN_ENUM_CONVERSION = YES;
				CLANG_WARN_INFINITE_RECURSION = YES;
				CLANG_WARN_INT_CONVERSION = YES;
				CLANG_WARN_NON_LITERAL_NULL_CONVERSION = YES;
				CLANG_WARN_OBJC_IMPLICIT_RETAIN_SELF = YES;
				CLANG_WARN_OBJC_LITERAL_CONVERSION = YES;
				CLANG_WARN_OBJC_ROOT_CLASS = YES_ERROR;
				CLANG_WARN_QUOTED_INCLUDE_IN_FRAMEWORK_HEADER = YES;
				CLANG_WARN_RANGE_LOOP_ANALYSIS = YES;
				CLANG_WARN_STRICT_PROTOTYPES = YES;
				CLANG_WARN_SUSPICIOUS_MOVE = YES;
				CLANG_WARN_UNGUARDED_AVAILABILITY = YES_AGGRESSIVE;
				CLANG_WARN_UNREACHABLE_CODE = YES;
				CLANG_WARN__DUPLICATE_METHOD_MATCH = YES;
				COPY_PHASE_STRIP = NO;
				DEBUG_INFORMATION_FORMAT = dwarf;
				ENABLE_STRICT_OBJC_MSGSEND = YES;
				ENABLE_TESTABILITY = YES;
				ENABLE_USER_SCRIPT_SANDBOXING = YES;
				GCC_C_LANGUAGE_STANDARD = gnu17;
				GCC_DYNAMIC_NO_PIC = NO;
				GCC_NO_COMMON_BLOCKS = YES;
				GCC_OPTIMIZATION_LEVEL = 0;
				GCC_PREPROCESSOR_DEFINITIONS = (
					"DEBUG=1",
					"$(inherited)",
				);
				GCC_WARN_64_TO_32_BIT_CONVERSION = YES;
				GCC_WARN_ABOUT_RETURN_TYPE = YES_ERROR;
				GCC_WARN_UNDECLARED_SELECTOR = YES;
				GCC_WARN_UNINITIALIZED_AUTOS = YES_AGGRESSIVE;
				GCC_WARN_UNUSED_FUNCTION = YES;
				GCC_WARN_UNUSED_VARIABLE = YES;
				IPHONEOS_DEPLOYMENT_TARGET = 17.5;
				LOCALIZATION_PREFERS_STRING_CATALOGS = YES;
				MTL_ENABLE_DEBUG_INFO = INCLUDE_SOURCE;
				MTL_FAST_MATH = YES;
				ONLY_ACTIVE_ARCH = YES;
				SDKROOT = iphoneos;
				SWIFT_ACTIVE_COMPILATION_CONDITIONS = "DEBUG $(inherited)";
				SWIFT_OPTIMIZATION_LEVEL = "-Onone";
			};
			name = Debug;
		};
		01E9BC0C2C11F23A00A72AEB /* Release */ = {
			isa = XCBuildConfiguration;
			buildSettings = {
				ALWAYS_SEARCH_USER_PATHS = NO;
				ASSETCATALOG_COMPILER_GENERATE_SWIFT_ASSET_SYMBOL_EXTENSIONS = YES;
				CLANG_ANALYZER_NONNULL = YES;
				CLANG_ANALYZER_NUMBER_OBJECT_CONVERSION = YES_AGGRESSIVE;
				CLANG_CXX_LANGUAGE_STANDARD = "gnu++20";
				CLANG_ENABLE_MODULES = YES;
				CLANG_ENABLE_OBJC_ARC = YES;
				CLANG_ENABLE_OBJC_WEAK = YES;
				CLANG_WARN_BLOCK_CAPTURE_AUTORELEASING = YES;
				CLANG_WARN_BOOL_CONVERSION = YES;
				CLANG_WARN_COMMA = YES;
				CLANG_WARN_CONSTANT_CONVERSION = YES;
				CLANG_WARN_DEPRECATED_OBJC_IMPLEMENTATIONS = YES;
				CLANG_WARN_DIRECT_OBJC_ISA_USAGE = YES_ERROR;
				CLANG_WARN_DOCUMENTATION_COMMENTS = YES;
				CLANG_WARN_EMPTY_BODY = YES;
				CLANG_WARN_ENUM_CONVERSION = YES;
				CLANG_WARN_INFINITE_RECURSION = YES;
				CLANG_WARN_INT_CONVERSION = YES;
				CLANG_WARN_NON_LITERAL_NULL_CONVERSION = YES;
				CLANG_WARN_OBJC_IMPLICIT_RETAIN_SELF = YES;
				CLANG_WARN_OBJC_LITERAL_CONVERSION = YES;
				CLANG_WARN_OBJC_ROOT_CLASS = YES_ERROR;
				CLANG_WARN_QUOTED_INCLUDE_IN_FRAMEWORK_HEADER = YES;
				CLANG_WARN_RANGE_LOOP_ANALYSIS = YES;
				CLANG_WARN_STRICT_PROTOTYPES = YES;
				CLANG_WARN_SUSPICIOUS_MOVE = YES;
				CLANG_WARN_UNGUARDED_AVAILABILITY = YES_AGGRESSIVE;
				CLANG_WARN_UNREACHABLE_CODE = YES;
				CLANG_WARN__DUPLICATE_METHOD_MATCH = YES;
				COPY_PHASE_STRIP = NO;
				DEBUG_INFORMATION_FORMAT = "dwarf-with-dsym";
				ENABLE_NS_ASSERTIONS = NO;
				ENABLE_STRICT_OBJC_MSGSEND = YES;
				ENABLE_USER_SCRIPT_SANDBOXING = YES;
				GCC_C_LANGUAGE_STANDARD = gnu17;
				GCC_NO_COMMON_BLOCKS = YES;
				GCC_WARN_64_TO_32_BIT_CONVERSION = YES;
				GCC_WARN_ABOUT_RETURN_TYPE = YES_ERROR;
				GCC_WARN_UNDECLARED_SELECTOR = YES;
				GCC_WARN_UNINITIALIZED_AUTOS = YES_AGGRESSIVE;
				GCC_WARN_UNUSED_FUNCTION = YES;
				GCC_WARN_UNUSED_VARIABLE = YES;
				IPHONEOS_DEPLOYMENT_TARGET = 17.5;
				LOCALIZATION_PREFERS_STRING_CATALOGS = YES;
				MTL_ENABLE_DEBUG_INFO = NO;
				MTL_FAST_MATH = YES;
				SDKROOT = iphoneos;
				SWIFT_COMPILATION_MODE = wholemodule;
				VALIDATE_PRODUCT = YES;
			};
			name = Release;
		};
		01E9BC0E2C11F23A00A72AEB /* Debug */ = {
			isa = XCBuildConfiguration;
			buildSettings = {
				ASSETCATALOG_COMPILER_APPICON_NAME = AppIcon;
				ASSETCATALOG_COMPILER_GLOBAL_ACCENT_COLOR_NAME = AccentColor;
				CODE_SIGN_STYLE = Automatic;
				CURRENT_PROJECT_VERSION = 1;
				GENERATE_INFOPLIST_FILE = YES;
				INFOPLIST_FILE = JustDo/Info.plist;
				INFOPLIST_KEY_UIApplicationSupportsIndirectInputEvents = YES;
				INFOPLIST_KEY_UILaunchStoryboardName = LaunchScreen;
				INFOPLIST_KEY_UIMainStoryboardFile = Main;
				INFOPLIST_KEY_UISupportedInterfaceOrientations_iPad = "UIInterfaceOrientationPortrait UIInterfaceOrientationPortraitUpsideDown UIInterfaceOrientationLandscapeLeft UIInterfaceOrientationLandscapeRight";
				INFOPLIST_KEY_UISupportedInterfaceOrientations_iPhone = "UIInterfaceOrientationPortrait UIInterfaceOrientationLandscapeLeft UIInterfaceOrientationLandscapeRight";
				LD_RUNPATH_SEARCH_PATHS = (
					"$(inherited)",
					"@executable_path/Frameworks",
				);
				MARKETING_VERSION = 1.0;
				PRODUCT_BUNDLE_IDENTIFIER = com.jumageldi.JustDo;
				PRODUCT_NAME = "$(TARGET_NAME)";
				SWIFT_EMIT_LOC_STRINGS = YES;
				SWIFT_VERSION = 5.0;
				TARGETED_DEVICE_FAMILY = "1,2";
			};
			name = Debug;
		};
		01E9BC0F2C11F23A00A72AEB /* Release */ = {
			isa = XCBuildConfiguration;
			buildSettings = {
				ASSETCATALOG_COMPILER_APPICON_NAME = AppIcon;
				ASSETCATALOG_COMPILER_GLOBAL_ACCENT_COLOR_NAME = AccentColor;
				CODE_SIGN_STYLE = Automatic;
				CURRENT_PROJECT_VERSION = 1;
				GENERATE_INFOPLIST_FILE = YES;
				INFOPLIST_FILE = JustDo/Info.plist;
				INFOPLIST_KEY_UIApplicationSupportsIndirectInputEvents = YES;
				INFOPLIST_KEY_UILaunchStoryboardName = LaunchScreen;
				INFOPLIST_KEY_UIMainStoryboardFile = Main;
				INFOPLIST_KEY_UISupportedInterfaceOrientations_iPad = "UIInterfaceOrientationPortrait UIInterfaceOrientationPortraitUpsideDown UIInterfaceOrientationLandscapeLeft UIInterfaceOrientationLandscapeRight";
				INFOPLIST_KEY_UISupportedInterfaceOrientations_iPhone = "UIInterfaceOrientationPortrait UIInterfaceOrientationLandscapeLeft UIInterfaceOrientationLandscapeRight";
				LD_RUNPATH_SEARCH_PATHS = (
					"$(inherited)",
					"@executable_path/Frameworks",
				);
				MARKETING_VERSION = 1.0;
				PRODUCT_BUNDLE_IDENTIFIER = com.jumageldi.JustDo;
				PRODUCT_NAME = "$(TARGET_NAME)";
				SWIFT_EMIT_LOC_STRINGS = YES;
				SWIFT_VERSION = 5.0;
				TARGETED_DEVICE_FAMILY = "1,2";
			};
			name = Release;
		};
/* End XCBuildConfiguration section */

/* Begin XCConfigurationList section */
		01E9BBF12C11F23800A72AEB /* Build configuration list for PBXProject "JustDo" */ = {
			isa = XCConfigurationList;
			buildConfigurations = (
				01E9BC0B2C11F23A00A72AEB /* Debug */,
				01E9BC0C2C11F23A00A72AEB /* Release */,
			);
			defaultConfigurationIsVisible = 0;
			defaultConfigurationName = Release;
		};
		01E9BC0D2C11F23A00A72AEB /* Build configuration list for PBXNativeTarget "JustDo" */ = {
			isa = XCConfigurationList;
			buildConfigurations = (
				01E9BC0E2C11F23A00A72AEB /* Debug */,
				01E9BC0F2C11F23A00A72AEB /* Release */,
			);
			defaultConfigurationIsVisible = 0;
			defaultConfigurationName = Release;
		};
/* End XCConfigurationList section */

/* Begin XCVersionGroup section */
		01E9BC022C11F23800A72AEB /* JustDo.xcdatamodeld */ = {
			isa = XCVersionGroup;
			children = (
				01E9BC032C11F23800A72AEB /* JustDo.xcdatamodel */,
			);
			currentVersion = 01E9BC032C11F23800A72AEB /* JustDo.xcdatamodel */;
			path = JustDo.xcdatamodeld;
			sourceTree = "<group>";
			versionGroupType = wrapper.xcdatamodel;
		};
/* End XCVersionGroup section */
	};
	rootObject = 01E9BBEE2C11F23800A72AEB /* Project object */;
}
